{
  "name": "nodejs",
  "version": "1.0.0",
  "lockfileVersion": 2,
  "requires": true,
  "packages": {
    "": {
      "name": "nodejs",
      "version": "1.0.0",
      "license": "ISC",
      "dependencies": {
        "@types/node": "^18.0.6",
        "http-rails": "^0.53.5"
      }
    },
    "node_modules/@types/node": {
      "version": "18.0.6",
      "resolved": "https://registry.npmjs.org/@types/node/-/node-18.0.6.tgz",
      "integrity": "sha512-/xUq6H2aQm261exT6iZTMifUySEt4GR5KX8eYyY+C4MSNPqSh9oNIP7tz2GLKTlFaiBbgZNxffoR3CVRG+cljw=="
    },
    "node_modules/http-rails": {
      "version": "0.53.5",
      "resolved": "https://registry.npmjs.org/http-rails/-/http-rails-0.53.5.tgz",
      "integrity": "sha512-v5/sU1yBGyPDWzgP6XstxZ2PMcEam2ujaun6hEQDhMffuDkfWJUXaifpKWc5tVeeK7MDwlj3CwQTGH9pV0iZFg=="
    }
  },
  "dependencies": {
    "@types/node": {
      "version": "18.0.6",
      "resolved": "https://registry.npmjs.org/@types/node/-/node-18.0.6.tgz",
      "integrity": "sha512-/xUq6H2aQm261exT6iZTMifUySEt4GR5KX8eYyY+C4MSNPqSh9oNIP7tz2GLKTlFaiBbgZNxffoR3CVRG+cljw=="
    },
    "http-rails": {
      "version": "0.53.5",
      "resolved": "https://registry.npmjs.org/http-rails/-/http-rails-0.53.5.tgz",
      "integrity": "sha512-v5/sU1yBGyPDWzgP6XstxZ2PMcEam2ujaun6hEQDhMffuDkfWJUXaifpKWc5tVeeK7MDwlj3CwQTGH9pV0iZFg=="
    }
  }
}
